{
  "nodes": {
    "flake-utils": {
      "locked": {
        "lastModified": 1638122382,
        "narHash": "sha256-sQzZzAbvKEqN9s0bzWuYmRaA03v40gaJ4+iL1LXjaeI=",
        "owner": "numtide",
        "repo": "flake-utils",
        "rev": "74f7e4319258e287b0f9cb95426c9853b282730b",
        "type": "github"
      },
      "original": {
        "owner": "numtide",
        "repo": "flake-utils",
        "type": "github"
      }
    },
    "lscolors": {
      "flake": false,
      "locked": {
        "lastModified": 1583438517,
        "narHash": "sha256-xFnP0VPVQIszR2tYFjcR1q2OmG70mFX91o5RQyCGRhQ=",
        "owner": "joachimschmidt557",
        "repo": "nim-lscolors",
        "rev": "668b46c835944254a445b9cc6dfb887e38fa13f1",
        "type": "github"
      },
      "original": {
        "owner": "joachimschmidt557",
        "ref": "v0.3.3",
        "repo": "nim-lscolors",
        "type": "github"
      }
    },
    "nimbox": {
      "flake": false,
      "locked": {
        "lastModified": 1560456726,
        "narHash": "sha256-oRPLd/mLsHfHj+mLazuodKBNrZMFHGSyxawH1V3ToZc=",
        "owner": "dom96",
        "repo": "nimbox",
        "rev": "6a56e76c01481176f16ae29b7d7c526bd83f229b",
        "type": "github"
      },
      "original": {
        "owner": "dom96",
        "repo": "nimbox",
        "type": "github"
      }
    },
    "nixpkgs": {
      "locked": {
        "lastModified": 1641528457,
        "narHash": "sha256-FyU9E63n1W7Ql4pMnhW2/rO9OftWZ37pLppn/c1aisY=",
        "owner": "NixOS",
        "repo": "nixpkgs",
        "rev": "ff377a78794d412a35245e05428c8f95fef3951f",
        "type": "github"
      },
      "original": {
        "owner": "NixOS",
        "ref": "nixos-unstable",
        "repo": "nixpkgs",
        "type": "github"
      }
    },
    "root": {
      "inputs": {
        "flake-utils": "flake-utils",
        "lscolors": "lscolors",
        "nimbox": "nimbox",
        "nixpkgs": "nixpkgs"
      }
    }
  },
  "root": "root",
  "version": 7
}
